
Microsoft Visual Studio Solution File, Format Version 12.00
# Visual Studio Version 16
VisualStudioVersion = 16.0.31729.503
MinimumVisualStudioVersion = 10.0.40219.1
Project("{FAE04EC0-301F-11D3-BF4B-00C04F79EFBC}") = "CSWordReplacer", "CSWordReplacer.csproj", "{B36F8881-053F-419A-9B16-0F48ADA229CE}"
EndProject
Project("{FAE04EC0-301F-11D3-BF4B-00C04F79EFBC}") = "CSWordReplacerTester", "..\WordReplacerTester\CSWordReplacerTester.csproj", "{3C8B4A3E-1EA8-4B66-A791-74CD574A91FA}"
EndProject
Global
	GlobalSection(SolutionConfigurationPlatforms) = preSolution
		Debug|Any CPU = Debug|Any CPU
		Release|Any CPU = Release|Any CPU
	EndGlobalSection
	GlobalSection(ProjectConfigurationPlatforms) = postSolution
		{B36F8881-053F-419A-9B16-0F48ADA229CE}.Debug|Any CPU.ActiveCfg = Debug|Any CPU
		{B36F8881-053F-419A-9B16-0F48ADA229CE}.Debug|Any CPU.Build.0 = Debug|Any CPU
		{B36F8881-053F-419A-9B16-0F48ADA229CE}.Release|Any CPU.ActiveCfg = Release|Any CPU
		{B36F8881-053F-419A-9B16-0F48ADA229CE}.Release|Any CPU.Build.0 = Release|Any CPU
		{3C8B4A3E-1EA8-4B66-A791-74CD574A91FA}.Debug|Any CPU.ActiveCfg = Debug|Any CPU
		{3C8B4A3E-1EA8-4B66-A791-74CD574A91FA}.Debug|Any CPU.Build.0 = Debug|Any CPU
		{3C8B4A3E-1EA8-4B66-A791-74CD574A91FA}.Release|Any CPU.ActiveCfg = Release|Any CPU
		{3C8B4A3E-1EA8-4B66-A791-74CD574A91FA}.Release|Any CPU.Build.0 = Release|Any CPU
	EndGlobalSection
	GlobalSection(SolutionProperties) = preSolution
		HideSolutionNode = FALSE
	EndGlobalSection
	GlobalSection(ExtensibilityGlobals) = postSolution
		SolutionGuid = {FB38407C-E8A6-4CC3-AC55-33C3FB6D3DEC}
	EndGlobalSection
EndGlobal
